
Microsoft Visual Studio Solution File, Format Version 12.00
# Visual Studio Version 17
VisualStudioVersion = 17.8.34309.116
MinimumVisualStudioVersion = 10.0.40219.1
Project("{FAE04EC0-301F-11D3-BF4B-00C04F79EFBC}") = "CoreAPIBank3170", "CoreAPIBank3170\CoreAPIBank3170.csproj", "{FD44D37F-F650-440E-8919-BBDE391E48C7}"
EndProject
Global
	GlobalSection(SolutionConfigurationPlatforms) = preSolution
		Debug|Any CPU = Debug|Any CPU
		Release|Any CPU = Release|Any CPU
	EndGlobalSection
	GlobalSection(ProjectConfigurationPlatforms) = postSolution
		{FD44D37F-F650-440E-8919-BBDE391E48C7}.Debug|Any CPU.ActiveCfg = Debug|Any CPU
		{FD44D37F-F650-440E-8919-BBDE391E48C7}.Debug|Any CPU.Build.0 = Debug|Any CPU
		{FD44D37F-F650-440E-8919-BBDE391E48C7}.Release|Any CPU.ActiveCfg = Release|Any CPU
		{FD44D37F-F650-440E-8919-BBDE391E48C7}.Release|Any CPU.Build.0 = Release|Any CPU
	EndGlobalSection
	GlobalSection(SolutionProperties) = preSolution
		HideSolutionNode = FALSE
	EndGlobalSection
	GlobalSection(ExtensibilityGlobals) = postSolution
		SolutionGuid = {CF30704A-8B8E-429D-85A5-DDB3B1E3D09A}
	EndGlobalSection
EndGlobal
